
Microsoft Visual Studio Solution File, Format Version 12.00
# Visual Studio Version 17
VisualStudioVersion = 17.5.33530.505
MinimumVisualStudioVersion = 10.0.40219.1
Project("{FAE04EC0-301F-11D3-BF4B-00C04F79EFBC}") = "StoreFront.UI.MVC", "StoreFront.UI.MVC\StoreFront.UI.MVC.csproj", "{DCD2232B-AD19-4700-86B6-B1075CE58599}"
EndProject
Project("{FAE04EC0-301F-11D3-BF4B-00C04F79EFBC}") = "StoreFront.Data.EF", "StoreFront.Data.EF\StoreFront.Data.EF.csproj", "{89A452B8-6688-40A3-87DB-2FC65418823C}"
EndProject
Global
	GlobalSection(SolutionConfigurationPlatforms) = preSolution
		Debug|Any CPU = Debug|Any CPU
		Release|Any CPU = Release|Any CPU
	EndGlobalSection
	GlobalSection(ProjectConfigurationPlatforms) = postSolution
		{DCD2232B-AD19-4700-86B6-B1075CE58599}.Debug|Any CPU.ActiveCfg = Debug|Any CPU
		{DCD2232B-AD19-4700-86B6-B1075CE58599}.Debug|Any CPU.Build.0 = Debug|Any CPU
		{DCD2232B-AD19-4700-86B6-B1075CE58599}.Release|Any CPU.ActiveCfg = Release|Any CPU
		{DCD2232B-AD19-4700-86B6-B1075CE58599}.Release|Any CPU.Build.0 = Release|Any CPU
		{89A452B8-6688-40A3-87DB-2FC65418823C}.Debug|Any CPU.ActiveCfg = Debug|Any CPU
		{89A452B8-6688-40A3-87DB-2FC65418823C}.Debug|Any CPU.Build.0 = Debug|Any CPU
		{89A452B8-6688-40A3-87DB-2FC65418823C}.Release|Any CPU.ActiveCfg = Release|Any CPU
		{89A452B8-6688-40A3-87DB-2FC65418823C}.Release|Any CPU.Build.0 = Release|Any CPU
	EndGlobalSection
	GlobalSection(SolutionProperties) = preSolution
		HideSolutionNode = FALSE
	EndGlobalSection
	GlobalSection(ExtensibilityGlobals) = postSolution
		SolutionGuid = {07C188D1-9BB3-4417-8B37-16B30CAD4F1D}
	EndGlobalSection
EndGlobal
